{
  "nodes": {
    "nixpkgs": {
      "locked": {
        "lastModified": 1791306662,
        "narHash": "sha256-8X2knlOzqm0RD28O0GpFspE9dRU/ZK/DozWq2WOpOjs=",
        "rev": "e2ccecbf30866802b1db536246e0939eccbd7bfb",
        "type": "tarball",
        "url": "https://releases.nixos.org/nixpkgs/nixpkgs-26.11pre1086706.e2ccecbf3086/nixexprs.tar.xz"
      },
      "original": {
        "type": "tarball",
        "url": "https://channels.nixos.org/nixpkgs-unstable/nixexprs.tar.xz"
      }
    },
    "root": {
      "inputs": {
        "nixpkgs": "nixpkgs",
        "zon2nix": "zon2nix"
      }
    },
    "zon2nix": {
      "inputs": {
        "nixpkgs": [
          "nixpkgs"
        ]
      },
      "locked": {
        "lastModified": 1791261699,
        "narHash": "sha256-Y1s36Ny116/8wZNgZj8dOez3qJqA/QpnCfaVs2kuNC8=",
        "owner": "jcollie",
        "repo": "zon2nix",
        "rev": "5efe627e5901a73a8b707f797d08f2835ab59ac2",
        "type": "github"
      },
      "original": {
        "owner": "jcollie",
        "repo": "zon2nix",
        "type": "github"
      }
    }
  },
  "root": "root",
  "version": 7
}
